// !$*UTF8*$!
{
	archiveVersion = 1;
	classes = {
	};
	objectVersion = 46;
	objects = {

/* Begin PBXBuildFile section */
		0CF0064D6F57E3BB59BE1372 /* Pods_CocoaPodsExampleUITests.framework in Frameworks */ = {isa = PBXBuildFile; fileRef = ED6CF8B66C9707D8091ABE72 /* Pods_CocoaPodsExampleUITests.framework */; };
		45D04AC2FFD6FA1A48425E4C /* Pods_CocoaPodsExample.framework in Frameworks */ = {isa = PBXBuildFile; fileRef = 0A2252ECB8B94FE20702BA8C /* Pods_CocoaPodsExample.framework */; };
		A69F9F9490C611835AEE8EB5 /* Pods_CocoaPodsExampleTests.framework in Frameworks */ = {isa = PBXBuildFile; fileRef = C4BB99EBD5C12A317814C3B9 /* Pods_CocoaPodsExampleTests.framework */; };
		FEA7FDFA1D0D75BE00D17824 /* AppDelegate.swift in Sources */ = {isa = PBXBuildFile; fileRef = FEA7FDF91D0D75BE00D17824 /* AppDelegate.swift */; };
		FEA7FDFF1D0D75BE00D17824 /* Main.storyboard in Resources */ = {isa = PBXBuildFile; fileRef = FEA7FDFD1D0D75BE00D17824 /* Main.storyboard */; };
		FEA7FE011D0D75BE00D17824 /* Assets.xcassets in Resources */ = {isa = PBXBuildFile; fileRef = FEA7FE001D0D75BE00D17824 /* Assets.xcassets */; };
		FEA7FE041D0D75BE00D17824 /* LaunchScreen.storyboard in Resources */ = {isa = PBXBuildFile; fileRef = FEA7FE021D0D75BE00D17824 /* LaunchScreen.storyboard */; };
		FEA7FE0F1D0D75BF00D17824 /* CocoaPodsExampleTests.swift in Sources */ = {isa = PBXBuildFile; fileRef = FEA7FE0E1D0D75BF00D17824 /* CocoaPodsExampleTests.swift */; };
		FEA7FE1A1D0D75BF00D17824 /* CocoaPodsExampleUITests.swift in Sources */ = {isa = PBXBuildFile; fileRef = FEA7FE191D0D75BF00D17824 /* CocoaPodsExampleUITests.swift */; };
		FEC6E5871D0D8768006C63FB /* ArticleListViewController.swift in Sources */ = {isa = PBXBuildFile; fileRef = FEC6E5861D0D8768006C63FB /* ArticleListViewController.swift */; };
/* End PBXBuildFile section */

/* Begin PBXContainerItemProxy section */
		FEA7FE0B1D0D75BF00D17824 /* PBXContainerItemProxy */ = {
			isa = PBXContainerItemProxy;
			containerPortal = FEA7FDEE1D0D75BE00D17824 /* Project object */;
			proxyType = 1;
			remoteGlobalIDString = FEA7FDF51D0D75BE00D17824;
			remoteInfo = CocoaPodsExample;
		};
		FEA7FE161D0D75BF00D17824 /* PBXContainerItemProxy */ = {
			isa = PBXContainerItemProxy;
			containerPortal = FEA7FDEE1D0D75BE00D17824 /* Project object */;
			proxyType = 1;
			remoteGlobalIDString = FEA7FDF51D0D75BE00D17824;
			remoteInfo = CocoaPodsExample;
		};
/* End PBXContainerItemProxy section */

/* Begin PBXFileReference section */
		03DB421ED96828286ACFEFBF /* Pods-CocoaPodsExample.release.xcconfig */ = {isa = PBXFileReference; includeInIndex = 1; lastKnownFileType = text.xcconfig; name = "Pods-CocoaPodsExample.release.xcconfig"; path = "Pods/Target Support Files/Pods-CocoaPodsExample/Pods-CocoaPodsExample.release.xcconfig"; sourceTree = "<group>"; };
		0A2252ECB8B94FE20702BA8C /* Pods_CocoaPodsExample.framework */ = {isa = PBXFileReference; explicitFileType = wrapper.framework; includeInIndex = 0; path = Pods_CocoaPodsExample.framework; sourceTree = BUILT_PRODUCTS_DIR; };
		147F06989D1BF2AA1DC51525 /* Pods-CocoaPodsExampleTests.debug.xcconfig */ = {isa = PBXFileReference; includeInIndex = 1; lastKnownFileType = text.xcconfig; name = "Pods-CocoaPodsExampleTests.debug.xcconfig"; path = "Pods/Target Support Files/Pods-CocoaPodsExampleTests/Pods-CocoaPodsExampleTests.debug.xcconfig"; sourceTree = "<group>"; };
		3A0350EE6681EBB0A8CF90DE /* Pods-CocoaPodsExampleTests.release.xcconfig */ = {isa = PBXFileReference; includeInIndex = 1; lastKnownFileType = text.xcconfig; name = "Pods-CocoaPodsExampleTests.release.xcconfig"; path = "Pods/Target Support Files/Pods-CocoaPodsExampleTests/Pods-CocoaPodsExampleTests.release.xcconfig"; sourceTree = "<group>"; };
		5B465573027556572FD964B2 /* Pods-CocoaPodsExampleUITests.release.xcconfig */ = {isa = PBXFileReference; includeInIndex = 1; lastKnownFileType = text.xcconfig; name = "Pods-CocoaPodsExampleUITests.release.xcconfig"; path = "Pods/Target Support Files/Pods-CocoaPodsExampleUITests/Pods-CocoaPodsExampleUITests.release.xcconfig"; sourceTree = "<group>"; };
		84AA5279EE9E3E30E3810346 /* Pods-CocoaPodsExampleUITests.debug.xcconfig */ = {isa = PBXFileReference; includeInIndex = 1; lastKnownFileType = text.xcconfig; name = "Pods-CocoaPodsExampleUITests.debug.xcconfig"; path = "Pods/Target Support Files/Pods-CocoaPodsExampleUITests/Pods-CocoaPodsExampleUITests.debug.xcconfig"; sourceTree = "<group>"; };
		C4BB99EBD5C12A317814C3B9 /* Pods_CocoaPodsExampleTests.framework */ = {isa = PBXFileReference; explicitFileType = wrapper.framework; includeInIndex = 0; path = Pods_CocoaPodsExampleTests.framework; sourceTree = BUILT_PRODUCTS_DIR; };
		D97E56C74F207033832A94BD /* Pods-CocoaPodsExample.debug.xcconfig */ = {isa = PBXFileReference; includeInIndex = 1; lastKnownFileType = text.xcconfig; name = "Pods-CocoaPodsExample.debug.xcconfig"; path = "Pods/Target Support Files/Pods-CocoaPodsExample/Pods-CocoaPodsExample.debug.xcconfig"; sourceTree = "<group>"; };
		ED6CF8B66C9707D8091ABE72 /* Pods_CocoaPodsExampleUITests.framework */ = {isa = PBXFileReference; explicitFileType = wrapper.framework; includeInIndex = 0; path = Pods_CocoaPodsExampleUITests.framework; sourceTree = BUILT_PRODUCTS_DIR; };
		FEA7FDF61D0D75BE00D17824 /* CocoaPodsExample.app */ = {isa = PBXFileReference; explicitFileType = wrapper.application; includeInIndex = 0; path = CocoaPodsExample.app; sourceTree = BUILT_PRODUCTS_DIR; };
		FEA7FDF91D0D75BE00D17824 /* AppDelegate.swift */ = {isa = PBXFileReference; lastKnownFileType = sourcecode.swift; path = AppDelegate.swift; sourceTree = "<group>"; };
		FEA7FDFE1D0D75BE00D17824 /* Base */ = {isa = PBXFileReference; lastKnownFileType = file.storyboard; name = Base; path = Base.lproj/Main.storyboard; sourceTree = "<group>"; };
		FEA7FE001D0D75BE00D17824 /* Assets.xcassets */ = {isa = PBXFileReference; lastKnownFileType = folder.assetcatalog; path = Assets.xcassets; sourceTree = "<group>"; };
		FEA7FE031D0D75BE00D17824 /* Base */ = {isa = PBXFileReference; lastKnownFileType = file.storyboard; name = Base; path = Base.lproj/LaunchScreen.storyboard; sourceTree = "<group>"; };
		FEA7FE051D0D75BE00D17824 /* Info.plist */ = {isa = PBXFileReference; lastKnownFileType = text.plist.xml; path = Info.plist; sourceTree = "<group>"; };
		FEA7FE0A1D0D75BF00D17824 /* CocoaPodsExampleTests.xctest */ = {isa = PBXFileReference; explicitFileType = wrapper.cfbundle; includeInIndex = 0; path = CocoaPodsExampleTests.xctest; sourceTree = BUILT_PRODUCTS_DIR; };
		FEA7FE0E1D0D75BF00D17824 /* CocoaPodsExampleTests.swift */ = {isa = PBXFileReference; lastKnownFileType = sourcecode.swift; path = CocoaPodsExampleTests.swift; sourceTree = "<group>"; };
		FEA7FE101D0D75BF00D17824 /* Info.plist */ = {isa = PBXFileReference; lastKnownFileType = text.plist.xml; path = Info.plist; sourceTree = "<group>"; };
		FEA7FE151D0D75BF00D17824 /* CocoaPodsExampleUITests.xctest */ = {isa = PBXFileReference; explicitFileType = wrapper.cfbundle; includeInIndex = 0; path = CocoaPodsExampleUITests.xctest; sourceTree = BUILT_PRODUCTS_DIR; };
		FEA7FE191D0D75BF00D17824 /* CocoaPodsExampleUITests.swift */ = {isa = PBXFileReference; lastKnownFileType = sourcecode.swift; path = CocoaPodsExampleUITests.swift; sourceTree = "<group>"; };
		FEA7FE1B1D0D75BF00D17824 /* Info.plist */ = {isa = PBXFileReference; lastKnownFileType = text.plist.xml; path = Info.plist; sourceTree = "<group>"; };
		FEC6E5861D0D8768006C63FB /* ArticleListViewController.swift */ = {isa = PBXFileReference; fileEncoding = 4; lastKnownFileType = sourcecode.swift; path = ArticleListViewController.swift; sourceTree = "<group>"; };
/* End PBXFileReference section */

/* Begin PBXFrameworksBuildPhase section */
		FEA7FDF31D0D75BE00D17824 /* Frameworks */ = {
			isa = PBXFrameworksBuildPhase;
			buildActionMask = 2147483647;
			files = (
				45D04AC2FFD6FA1A48425E4C /* Pods_CocoaPodsExample.framework in Frameworks */,
			);
			runOnlyForDeploymentPostprocessing = 0;
		};
		FEA7FE071D0D75BF00D17824 /* Frameworks */ = {
			isa = PBXFrameworksBuildPhase;
			buildActionMask = 2147483647;
			files = (
				A69F9F9490C611835AEE8EB5 /* Pods_CocoaPodsExampleTests.framework in Frameworks */,
			);
			runOnlyForDeploymentPostprocessing = 0;
		};
		FEA7FE121D0D75BF00D17824 /* Frameworks */ = {
			isa = PBXFrameworksBuildPhase;
			buildActionMask = 2147483647;
			files = (
				0CF0064D6F57E3BB59BE1372 /* Pods_CocoaPodsExampleUITests.framework in Frameworks */,
			);
			runOnlyForDeploymentPostprocessing = 0;
		};
/* End PBXFrameworksBuildPhase section */

/* Begin PBXGroup section */
		B078D3DFC401E3A9B096B162 /* Pods */ = {
			isa = PBXGroup;
			children = (
				D97E56C74F207033832A94BD /* Pods-CocoaPodsExample.debug.xcconfig */,
				03DB421ED96828286ACFEFBF /* Pods-CocoaPodsExample.release.xcconfig */,
				147F06989D1BF2AA1DC51525 /* Pods-CocoaPodsExampleTests.debug.xcconfig */,
				3A0350EE6681EBB0A8CF90DE /* Pods-CocoaPodsExampleTests.release.xcconfig */,
				84AA5279EE9E3E30E3810346 /* Pods-CocoaPodsExampleUITests.debug.xcconfig */,
				5B465573027556572FD964B2 /* Pods-CocoaPodsExampleUITests.release.xcconfig */,
			);
			name = Pods;
			sourceTree = "<group>";
		};
		EEAC664D35C0711ED0F07AF4 /* Frameworks */ = {
			isa = PBXGroup;
			children = (
				0A2252ECB8B94FE20702BA8C /* Pods_CocoaPodsExample.framework */,
				C4BB99EBD5C12A317814C3B9 /* Pods_CocoaPodsExampleTests.framework */,
				ED6CF8B66C9707D8091ABE72 /* Pods_CocoaPodsExampleUITests.framework */,
			);
			name = Frameworks;
			sourceTree = "<group>";
		};
		FEA7FDED1D0D75BE00D17824 = {
			isa = PBXGroup;
			children = (
				FEA7FDF81D0D75BE00D17824 /* CocoaPodsExample */,
				FEA7FE0D1D0D75BF00D17824 /* CocoaPodsExampleTests */,
				FEA7FE181D0D75BF00D17824 /* CocoaPodsExampleUITests */,
				FEA7FDF71D0D75BE00D17824 /* Products */,
				B078D3DFC401E3A9B096B162 /* Pods */,
				EEAC664D35C0711ED0F07AF4 /* Frameworks */,
			);
			sourceTree = "<group>";
		};
		FEA7FDF71D0D75BE00D17824 /* Products */ = {
			isa = PBXGroup;
			children = (
				FEA7FDF61D0D75BE00D17824 /* CocoaPodsExample.app */,
				FEA7FE0A1D0D75BF00D17824 /* CocoaPodsExampleTests.xctest */,
				FEA7FE151D0D75BF00D17824 /* CocoaPodsExampleUITests.xctest */,
			);
			name = Products;
			sourceTree = "<group>";
		};
		FEA7FDF81D0D75BE00D17824 /* CocoaPodsExample */ = {
			isa = PBXGroup;
			children = (
				FEA7FDF91D0D75BE00D17824 /* AppDelegate.swift */,
				FEA7FDFD1D0D75BE00D17824 /* Main.storyboard */,
				FEA7FE001D0D75BE00D17824 /* Assets.xcassets */,
				FEA7FE021D0D75BE00D17824 /* LaunchScreen.storyboard */,
				FEA7FE051D0D75BE00D17824 /* Info.plist */,
				FEC6E5861D0D8768006C63FB /* ArticleListViewController.swift */,
			);
			path = CocoaPodsExample;
			sourceTree = "<group>";
		};
		FEA7FE0D1D0D75BF00D17824 /* CocoaPodsExampleTests */ = {
			isa = PBXGroup;
			children = (
				FEA7FE0E1D0D75BF00D17824 /* CocoaPodsExampleTests.swift */,
				FEA7FE101D0D75BF00D17824 /* Info.plist */,
			);
			path = CocoaPodsExampleTests;
			sourceTree = "<group>";
		};
		FEA7FE181D0D75BF00D17824 /* CocoaPodsExampleUITests */ = {
			isa = PBXGroup;
			children = (
				FEA7FE191D0D75BF00D17824 /* CocoaPodsExampleUITests.swift */,
				FEA7FE1B1D0D75BF00D17824 /* Info.plist */,
			);
			path = CocoaPodsExampleUITests;
			sourceTree = "<group>";
		};
/* End PBXGroup section */

/* Begin PBXNativeTarget section */
		FEA7FDF51D0D75BE00D17824 /* CocoaPodsExample */ = {
			isa = PBXNativeTarget;
			buildConfigurationList = FEA7FE1E1D0D75BF00D17824 /* Build configuration list for PBXNativeTarget "CocoaPodsExample" */;
			buildPhases = (
				FB68ACBF0E08D5DFD133DCA0 /* [CP] Check Pods Manifest.lock */,
				FEA7FDF21D0D75BE00D17824 /* Sources */,
				FEA7FDF31D0D75BE00D17824 /* Frameworks */,
				FEA7FDF41D0D75BE00D17824 /* Resources */,
				1777BDC04040AE0EE0E1D19E /* [CP] Embed Pods Frameworks */,
				32530555391B8280BDE00EF2 /* [CP] Copy Pods Resources */,
			);
			buildRules = (
			);
			dependencies = (
			);
			name = CocoaPodsExample;
			productName = CocoaPodsExample;
			productReference = FEA7FDF61D0D75BE00D17824 /* CocoaPodsExample.app */;
			productType = "com.apple.product-type.application";
		};
		FEA7FE091D0D75BF00D17824 /* CocoaPodsExampleTests */ = {
			isa = PBXNativeTarget;
			buildConfigurationList = FEA7FE211D0D75BF00D17824 /* Build configuration list for PBXNativeTarget "CocoaPodsExampleTests" */;
			buildPhases = (
				DD7BA908F544484DECD1FC29 /* [CP] Check Pods Manifest.lock */,
				FEA7FE061D0D75BF00D17824 /* Sources */,
				FEA7FE071D0D75BF00D17824 /* Frameworks */,
				FEA7FE081D0D75BF00D17824 /* Resources */,
				35C85E0D48361CB27C89E71E /* [CP] Embed Pods Frameworks */,
				79FE68963E12D5ECC177E5D5 /* [CP] Copy Pods Resources */,
			);
			buildRules = (
			);
			dependencies = (
				FEA7FE0C1D0D75BF00D17824 /* PBXTargetDependency */,
			);
			name = CocoaPodsExampleTests;
			productName = CocoaPodsExampleTests;
			productReference = FEA7FE0A1D0D75BF00D17824 /* CocoaPodsExampleTests.xctest */;
			productType = "com.apple.product-type.bundle.unit-test";
		};
		FEA7FE141D0D75BF00D17824 /* CocoaPodsExampleUITests */ = {
			isa = PBXNativeTarget;
			buildConfigurationList = FEA7FE241D0D75BF00D17824 /* Build configuration list for PBXNativeTarget "CocoaPodsExampleUITests" */;
			buildPhases = (
				DF8D367E6D623849CE87718F /* [CP] Check Pods Manifest.lock */,
				FEA7FE111D0D75BF00D17824 /* Sources */,
				FEA7FE121D0D75BF00D17824 /* Frameworks */,
				FEA7FE131D0D75BF00D17824 /* Resources */,
				96A6F3747DB7034026824715 /* [CP] Copy Pods Resources */,
			);
			buildRules = (
			);
			dependencies = (
				FEA7FE171D0D75BF00D17824 /* PBXTargetDependency */,
			);
			name = CocoaPodsExampleUITests;
			productName = CocoaPodsExampleUITests;
			productReference = FEA7FE151D0D75BF00D17824 /* CocoaPodsExampleUITests.xctest */;
			productType = "com.apple.product-type.bundle.ui-testing";
		};
/* End PBXNativeTarget section */

/* Begin PBXProject section */
		FEA7FDEE1D0D75BE00D17824 /* Project object */ = {
			isa = PBXProject;
			attributes = {
				LastSwiftUpdateCheck = 0730;
				LastUpgradeCheck = 0730;
				ORGANIZATIONNAME = hnw;
				TargetAttributes = {
					FEA7FDF51D0D75BE00D17824 = {
						CreatedOnToolsVersion = 7.3.1;
					};
					FEA7FE091D0D75BF00D17824 = {
						CreatedOnToolsVersion = 7.3.1;
						TestTargetID = FEA7FDF51D0D75BE00D17824;
					};
					FEA7FE141D0D75BF00D17824 = {
						CreatedOnToolsVersion = 7.3.1;
						TestTargetID = FEA7FDF51D0D75BE00D17824;
					};
				};
			};
			buildConfigurationList = FEA7FDF11D0D75BE00D17824 /* Build configuration list for PBXProject "CocoaPodsExample" */;
			compatibilityVersion = "Xcode 3.2";
			developmentRegion = English;
			hasScannedForEncodings = 0;
			knownRegions = (
				en,
				Base,
			);
			mainGroup = FEA7FDED1D0D75BE00D17824;
			productRefGroup = FEA7FDF71D0D75BE00D17824 /* Products */;
			projectDirPath = "";
			projectRoot = "";
			targets = (
				FEA7FDF51D0D75BE00D17824 /* CocoaPodsExample */,
				FEA7FE091D0D75BF00D17824 /* CocoaPodsExampleTests */,
				FEA7FE141D0D75BF00D17824 /* CocoaPodsExampleUITests */,
			);
		};
/* End PBXProject section */

/* Begin PBXResourcesBuildPhase section */
		FEA7FDF41D0D75BE00D17824 /* Resources */ = {
			isa = PBXResourcesBuildPhase;
			buildActionMask = 2147483647;
			files = (
				FEA7FE041D0D75BE00D17824 /* LaunchScreen.storyboard in Resources */,
				FEA7FE011D0D75BE00D17824 /* Assets.xcassets in Resources */,
				FEA7FDFF1D0D75BE00D17824 /* Main.storyboard in Resources */,
			);
			runOnlyForDeploymentPostprocessing = 0;
		};
		FEA7FE081D0D75BF00D17824 /* Resources */ = {
			isa = PBXResourcesBuildPhase;
			buildActionMask = 2147483647;
			files = (
			);
			runOnlyForDeploymentPostprocessing = 0;
		};
		FEA7FE131D0D75BF00D17824 /* Resources */ = {
			isa = PBXResourcesBuildPhase;
			buildActionMask = 2147483647;
			files = (
			);
			runOnlyForDeploymentPostprocessing = 0;
		};
/* End PBXResourcesBuildPhase section */

/* Begin PBXShellScriptBuildPhase section */
		1777BDC04040AE0EE0E1D19E /* [CP] Embed Pods Frameworks */ = {
			isa = PBXShellScriptBuildPhase;
			buildActionMask = 2147483647;
			files = (
			);
			inputPaths = (
			);
			name = "[CP] Embed Pods Frameworks";
			outputPaths = (
			);
			runOnlyForDeploymentPostprocessing = 0;
			shellPath = /bin/sh;
			shellScript = "\"${SRCROOT}/Pods/Target Support Files/Pods-CocoaPodsExample/Pods-CocoaPodsExample-frameworks.sh\"\n";
			showEnvVarsInLog = 0;
		};
		32530555391B8280BDE00EF2 /* [CP] Copy Pods Resources */ = {
			isa = PBXShellScriptBuildPhase;
			buildActionMask = 2147483647;
			files = (
			);
			inputPaths = (
			);
			name = "[CP] Copy Pods Resources";
			outputPaths = (
			);
			runOnlyForDeploymentPostprocessing = 0;
			shellPath = /bin/sh;
			shellScript = "\"${SRCROOT}/Pods/Target Support Files/Pods-CocoaPodsExample/Pods-CocoaPodsExample-resources.sh\"\n";
			showEnvVarsInLog = 0;
		};
		35C85E0D48361CB27C89E71E /* [CP] Embed Pods Frameworks */ = {
			isa = PBXShellScriptBuildPhase;
			buildActionMask = 2147483647;
			files = (
			);
			inputPaths = (
			);
			name = "[CP] Embed Pods Frameworks";
			outputPaths = (
			);
			runOnlyForDeploymentPostprocessing = 0;
			shellPath = /bin/sh;
			shellScript = "\"${SRCROOT}/Pods/Target Support Files/Pods-CocoaPodsExampleTests/Pods-CocoaPodsExampleTests-frameworks.sh\"\n";
			showEnvVarsInLog = 0;
		};
		79FE68963E12D5ECC177E5D5 /* [CP] Copy Pods Resources */ = {
			isa = PBXShellScriptBuildPhase;
			buildActionMask = 2147483647;
			files = (
			);
			inputPaths = (
			);
			name = "[CP] Copy Pods Resources";
			outputPaths = (
			);
			runOnlyForDeploymentPostprocessing = 0;
			shellPath = /bin/sh;
			shellScript = "\"${SRCROOT}/Pods/Target Support Files/Pods-CocoaPodsExampleTests/Pods-CocoaPodsExampleTests-resources.sh\"\n";
			showEnvVarsInLog = 0;
		};
		96A6F3747DB7034026824715 /* [CP] Copy Pods Resources */ = {
			isa = PBXShellScriptBuildPhase;
			buildActionMask = 2147483647;
			files = (
			);
			inputPaths = (
			);
			name = "[CP] Copy Pods Resources";
			outputPaths = (
			);
			runOnlyForDeploymentPostprocessing = 0;
			shellPath = /bin/sh;
			shellScript = "\"${SRCROOT}/Pods/Target Support Files/Pods-CocoaPodsExampleUITests/Pods-CocoaPodsExampleUITests-resources.sh\"\n";
			showEnvVarsInLog = 0;
		};
		DD7BA908F544484DECD1FC29 /* [CP] Check Pods Manifest.lock */ = {
			isa = PBXShellScriptBuildPhase;
			buildActionMask = 2147483647;
			files = (
			);
			inputPaths = (
			);
			name = "[CP] Check Pods Manifest.lock";
			outputPaths = (
			);
			runOnlyForDeploymentPostprocessing = 0;
			shellPath = /bin/sh;
			shellScript = "diff \"${PODS_ROOT}/../Podfile.lock\" \"${PODS_ROOT}/Manifest.lock\" > /dev/null\nif [[ $? != 0 ]] ; then\n    cat << EOM\nerror: The sandbox is not in sync with the Podfile.lock. Run 'pod install' or update your CocoaPods installation.\nEOM\n    exit 1\nfi\n";
			showEnvVarsInLog = 0;
		};
		DF8D367E6D623849CE87718F /* [CP] Check Pods Manifest.lock */ = {
			isa = PBXShellScriptBuildPhase;
			buildActionMask = 2147483647;
			files = (
			);
			inputPaths = (
			);
			name = "[CP] Check Pods Manifest.lock";
			outputPaths = (
			);
			runOnlyForDeploymentPostprocessing = 0;
			shellPath = /bin/sh;
			shellScript = "diff \"${PODS_ROOT}/../Podfile.lock\" \"${PODS_ROOT}/Manifest.lock\" > /dev/null\nif [[ $? != 0 ]] ; then\n    cat << EOM\nerror: The sandbox is not in sync with the Podfile.lock. Run 'pod install' or update your CocoaPods installation.\nEOM\n    exit 1\nfi\n";
			showEnvVarsInLog = 0;
		};
		FB68ACBF0E08D5DFD133DCA0 /* [CP] Check Pods Manifest.lock */ = {
			isa = PBXShellScriptBuildPhase;
			buildActionMask = 2147483647;
			files = (
			);
			inputPaths = (
			);
			name = "[CP] Check Pods Manifest.lock";
			outputPaths = (
			);
			runOnlyForDeploymentPostprocessing = 0;
			shellPath = /bin/sh;
			shellScript = "diff \"${PODS_ROOT}/../Podfile.lock\" \"${PODS_ROOT}/Manifest.lock\" > /dev/null\nif [[ $? != 0 ]] ; then\n    cat << EOM\nerror: The sandbox is not in sync with the Podfile.lock. Run 'pod install' or update your CocoaPods installation.\nEOM\n    exit 1\nfi\n";
			showEnvVarsInLog = 0;
		};
/* End PBXShellScriptBuildPhase section */

/* Begin PBXSourcesBuildPhase section */
		FEA7FDF21D0D75BE00D17824 /* Sources */ = {
			isa = PBXSourcesBuildPhase;
			buildActionMask = 2147483647;
			files = (
				FEA7FDFA1D0D75BE00D17824 /* AppDelegate.swift in Sources */,
				FEC6E5871D0D8768006C63FB /* ArticleListViewController.swift in Sources */,
			);
			runOnlyForDeploymentPostprocessing = 0;
		};
		FEA7FE061D0D75BF00D17824 /* Sources */ = {
			isa = PBXSourcesBuildPhase;
			buildActionMask = 2147483647;
			files = (
				FEA7FE0F1D0D75BF00D17824 /* CocoaPodsExampleTests.swift in Sources */,
			);
			runOnlyForDeploymentPostprocessing = 0;
		};
		FEA7FE111D0D75BF00D17824 /* Sources */ = {
			isa = PBXSourcesBuildPhase;
			buildActionMask = 2147483647;
			files = (
				FEA7FE1A1D0D75BF00D17824 /* CocoaPodsExampleUITests.swift in Sources */,
			);
			runOnlyForDeploymentPostprocessing = 0;
		};
/* End PBXSourcesBuildPhase section */

/* Begin PBXTargetDependency section */
		FEA7FE0C1D0D75BF00D17824 /* PBXTargetDependency */ = {
			isa = PBXTargetDependency;
			target = FEA7FDF51D0D75BE00D17824 /* CocoaPodsExample */;
			targetProxy = FEA7FE0B1D0D75BF00D17824 /* PBXContainerItemProxy */;
		};
		FEA7FE171D0D75BF00D17824 /* PBXTargetDependency */ = {
			isa = PBXTargetDependency;
			target = FEA7FDF51D0D75BE00D17824 /* CocoaPodsExample */;
			targetProxy = FEA7FE161D0D75BF00D17824 /* PBXContainerItemProxy */;
		};
/* End PBXTargetDependency section */

/* Begin PBXVariantGroup section */
		FEA7FDFD1D0D75BE00D17824 /* Main.storyboard */ = {
			isa = PBXVariantGroup;
			children = (
				FEA7FDFE1D0D75BE00D17824 /* Base */,
			);
			name = Main.storyboard;
			sourceTree = "<group>";
		};
		FEA7FE021D0D75BE00D17824 /* LaunchScreen.storyboard */ = {
			isa = PBXVariantGroup;
			children = (
				FEA7FE031D0D75BE00D17824 /* Base */,
			);
			name = LaunchScreen.storyboard;
			sourceTree = "<group>";
		};
/* End PBXVariantGroup section */

/* Begin XCBuildConfiguration section */
		FEA7FE1C1D0D75BF00D17824 /* Debug */ = {
			isa = XCBuildConfiguration;
			buildSettings = {
				ALWAYS_SEARCH_USER_PATHS = NO;
				CLANG_ANALYZER_NONNULL = YES;
				CLANG_CXX_LANGUAGE_STANDARD = "gnu++0x";
				CLANG_CXX_LIBRARY = "libc++";
				CLANG_ENABLE_MODULES = YES;
				CLANG_ENABLE_OBJC_ARC = YES;
				CLANG_WARN_BOOL_CONVERSION = YES;
				CLANG_WARN_CONSTANT_CONVERSION = YES;
				CLANG_WARN_DIRECT_OBJC_ISA_USAGE = YES_ERROR;
				CLANG_WARN_EMPTY_BODY = YES;
				CLANG_WARN_ENUM_CONVERSION = YES;
				CLANG_WARN_INT_CONVERSION = YES;
				CLANG_WARN_OBJC_ROOT_CLASS = YES_ERROR;
				CLANG_WARN_UNREACHABLE_CODE = YES;
				CLANG_WARN__DUPLICATE_METHOD_MATCH = YES;
				"CODE_SIGN_IDENTITY[sdk=iphoneos*]" = "iPhone Developer";
				COPY_PHASE_STRIP = NO;
				DEBUG_INFORMATION_FORMAT = dwarf;
				ENABLE_STRICT_OBJC_MSGSEND = YES;
				ENABLE_TESTABILITY = YES;
				GCC_C_LANGUAGE_STANDARD = gnu99;
				GCC_DYNAMIC_NO_PIC = NO;
				GCC_NO_COMMON_BLOCKS = YES;
				GCC_OPTIMIZATION_LEVEL = 0;
				GCC_PREPROCESSOR_DEFINITIONS = (
					"DEBUG=1",
					"$(inherited)",
				);
				GCC_WARN_64_TO_32_BIT_CONVERSION = YES;
				GCC_WARN_ABOUT_RETURN_TYPE = YES_ERROR;
				GCC_WARN_UNDECLARED_SELECTOR = YES;
				GCC_WARN_UNINITIALIZED_AUTOS = YES_AGGRESSIVE;
				GCC_WARN_UNUSED_FUNCTION = YES;
				GCC_WARN_UNUSED_VARIABLE = YES;
				IPHONEOS_DEPLOYMENT_TARGET = 9.3;
				MTL_ENABLE_DEBUG_INFO = YES;
				ONLY_ACTIVE_ARCH = YES;
				SDKROOT = iphoneos;
				SWIFT_OPTIMIZATION_LEVEL = "-Onone";
			};
			name = Debug;
		};
		FEA7FE1D1D0D75BF00D17824 /* Release */ = {
			isa = XCBuildConfiguration;
			buildSettings = {
				ALWAYS_SEARCH_USER_PATHS = NO;
				CLANG_ANALYZER_NONNULL = YES;
				CLANG_CXX_LANGUAGE_STANDARD = "gnu++0x";
				CLANG_CXX_LIBRARY = "libc++";
				CLANG_ENABLE_MODULES = YES;
				CLANG_ENABLE_OBJC_ARC = YES;
				CLANG_WARN_BOOL_CONVERSION = YES;
				CLANG_WARN_CONSTANT_CONVERSION = YES;
				CLANG_WARN_DIRECT_OBJC_ISA_USAGE = YES_ERROR;
				CLANG_WARN_EMPTY_BODY = YES;
				CLANG_WARN_ENUM_CONVERSION = YES;
				CLANG_WARN_INT_CONVERSION = YES;
				CLANG_WARN_OBJC_ROOT_CLASS = YES_ERROR;
				CLANG_WARN_UNREACHABLE_CODE = YES;
				CLANG_WARN__DUPLICATE_METHOD_MATCH = YES;
				"CODE_SIGN_IDENTITY[sdk=iphoneos*]" = "iPhone Developer";
				COPY_PHASE_STRIP = NO;
				DEBUG_INFORMATION_FORMAT = "dwarf-with-dsym";
				ENABLE_NS_ASSERTIONS = NO;
				ENABLE_STRICT_OBJC_MSGSEND = YES;
				GCC_C_LANGUAGE_STANDARD = gnu99;
				GCC_NO_COMMON_BLOCKS = YES;
				GCC_WARN_64_TO_32_BIT_CONVERSION = YES;
				GCC_WARN_ABOUT_RETURN_TYPE = YES_ERROR;
				GCC_WARN_UNDECLARED_SELECTOR = YES;
				GCC_WARN_UNINITIALIZED_AUTOS = YES_AGGRESSIVE;
				GCC_WARN_UNUSED_FUNCTION = YES;
				GCC_WARN_UNUSED_VARIABLE = YES;
				IPHONEOS_DEPLOYMENT_TARGET = 9.3;
				MTL_ENABLE_DEBUG_INFO = NO;
				SDKROOT = iphoneos;
				VALIDATE_PRODUCT = YES;
			};
			name = Release;
		};
		FEA7FE1F1D0D75BF00D17824 /* Debug */ = {
			isa = XCBuildConfiguration;
			baseConfigurationReference = D97E56C74F207033832A94BD /* Pods-CocoaPodsExample.debug.xcconfig */;
			buildSettings = {
				ASSETCATALOG_COMPILER_APPICON_NAME = AppIcon;
				INFOPLIST_FILE = CocoaPodsExample/Info.plist;
				LD_RUNPATH_SEARCH_PATHS = "$(inherited) @executable_path/Frameworks";
				PRODUCT_BUNDLE_IDENTIFIER = jp.hnw.CocoaPodsExample;
				PRODUCT_NAME = "$(TARGET_NAME)";
			};
			name = Debug;
		};
		FEA7FE201D0D75BF00D17824 /* Release */ = {
			isa = XCBuildConfiguration;
			baseConfigurationReference = 03DB421ED96828286ACFEFBF /* Pods-CocoaPodsExample.release.xcconfig */;
			buildSettings = {
				ASSETCATALOG_COMPILER_APPICON_NAME = AppIcon;
				INFOPLIST_FILE = CocoaPodsExample/Info.plist;
				LD_RUNPATH_SEARCH_PATHS = "$(inherited) @executable_path/Frameworks";
				PRODUCT_BUNDLE_IDENTIFIER = jp.hnw.CocoaPodsExample;
				PRODUCT_NAME = "$(TARGET_NAME)";
			};
			name = Release;
		};
		FEA7FE221D0D75BF00D17824 /* Debug */ = {
			isa = XCBuildConfiguration;
			baseConfigurationReference = 147F06989D1BF2AA1DC51525 /* Pods-CocoaPodsExampleTests.debug.xcconfig */;
			buildSettings = {
				BUNDLE_LOADER = "$(TEST_HOST)";
				INFOPLIST_FILE = CocoaPodsExampleTests/Info.plist;
				LD_RUNPATH_SEARCH_PATHS = "$(inherited) @executable_path/Frameworks @loader_path/Frameworks";
				PRODUCT_BUNDLE_IDENTIFIER = jp.hnw.CocoaPodsExampleTests;
				PRODUCT_NAME = "$(TARGET_NAME)";
				TEST_HOST = "$(BUILT_PRODUCTS_DIR)/CocoaPodsExample.app/CocoaPodsExample";
			};
			name = Debug;
		};
		FEA7FE231D0D75BF00D17824 /* Release */ = {
			isa = XCBuildConfiguration;
			baseConfigurationReference = 3A0350EE6681EBB0A8CF90DE /* Pods-CocoaPodsExampleTests.release.xcconfig */;
			buildSettings = {
				BUNDLE_LOADER = "$(TEST_HOST)";
				INFOPLIST_FILE = CocoaPodsExampleTests/Info.plist;
				LD_RUNPATH_SEARCH_PATHS = "$(inherited) @executable_path/Frameworks @loader_path/Frameworks";
				PRODUCT_BUNDLE_IDENTIFIER = jp.hnw.CocoaPodsExampleTests;
				PRODUCT_NAME = "$(TARGET_NAME)";
				TEST_HOST = "$(BUILT_PRODUCTS_DIR)/CocoaPodsExample.app/CocoaPodsExample";
			};
			name = Release;
		};
		FEA7FE251D0D75BF00D17824 /* Debug */ = {
			isa = XCBuildConfiguration;
			baseConfigurationReference = 84AA5279EE9E3E30E3810346 /* Pods-CocoaPodsExampleUITests.debug.xcconfig */;
			buildSettings = {
				INFOPLIST_FILE = CocoaPodsExampleUITests/Info.plist;
				LD_RUNPATH_SEARCH_PATHS = "$(inherited) @executable_path/Frameworks @loader_path/Frameworks";
				PRODUCT_BUNDLE_IDENTIFIER = jp.hnw.CocoaPodsExampleUITests;
				PRODUCT_NAME = "$(TARGET_NAME)";
				TEST_TARGET_NAME = CocoaPodsExample;
			};
			name = Debug;
		};
		FEA7FE261D0D75BF00D17824 /* Release */ = {
			isa = XCBuildConfiguration;
			baseConfigurationReference = 5B465573027556572FD964B2 /* Pods-CocoaPodsExampleUITests.release.xcconfig */;
			buildSettings = {
				INFOPLIST_FILE = CocoaPodsExampleUITests/Info.plist;
				LD_RUNPATH_SEARCH_PATHS = "$(inherited) @executable_path/Frameworks @loader_path/Frameworks";
				PRODUCT_BUNDLE_IDENTIFIER = jp.hnw.CocoaPodsExampleUITests;
				PRODUCT_NAME = "$(TARGET_NAME)";
				TEST_TARGET_NAME = CocoaPodsExample;
			};
			name = Release;
		};
/* End XCBuildConfiguration section */

/* Begin XCConfigurationList section */
		FEA7FDF11D0D75BE00D17824 /* Build configuration list for PBXProject "CocoaPodsExample" */ = {
			isa = XCConfigurationList;
			buildConfigurations = (
				FEA7FE1C1D0D75BF00D17824 /* Debug */,
				FEA7FE1D1D0D75BF00D17824 /* Release */,
			);
			defaultConfigurationIsVisible = 0;
			defaultConfigurationName = Release;
		};
		FEA7FE1E1D0D75BF00D17824 /* Build configuration list for PBXNativeTarget "CocoaPodsExample" */ = {
			isa = XCConfigurationList;
			buildConfigurations = (
				FEA7FE1F1D0D75BF00D17824 /* Debug */,
				FEA7FE201D0D75BF00D17824 /* Release */,
			);
			defaultConfigurationIsVisible = 0;
			defaultConfigurationName = Release;
		};
		FEA7FE211D0D75BF00D17824 /* Build configuration list for PBXNativeTarget "CocoaPodsExampleTests" */ = {
			isa = XCConfigurationList;
			buildConfigurations = (
				FEA7FE221D0D75BF00D17824 /* Debug */,
				FEA7FE231D0D75BF00D17824 /* Release */,
			);
			defaultConfigurationIsVisible = 0;
			defaultConfigurationName = Release;
		};
		FEA7FE241D0D75BF00D17824 /* Build configuration list for PBXNativeTarget "CocoaPodsExampleUITests" */ = {
			isa = XCConfigurationList;
			buildConfigurations = (
				FEA7FE251D0D75BF00D17824 /* Debug */,
				FEA7FE261D0D75BF00D17824 /* Release */,
			);
			defaultConfigurationIsVisible = 0;
			defaultConfigurationName = Release;
		};
/* End XCConfigurationList section */
	};
	rootObject = FEA7FDEE1D0D75BE00D17824 /* Project object */;
}
